
Microsoft Visual Studio Solution File, Format Version 12.00
# Visual Studio Version 16
VisualStudioVersion = 16.0.31729.503
MinimumVisualStudioVersion = 10.0.40219.1
Project("{FAE04EC0-301F-11D3-BF4B-00C04F79EFBC}") = "ClientProxyForm-P5-014", "ClientProxyForm-P5-014\ClientProxyForm-P5-014.csproj", "{B4325D71-E176-4DD0-A098-EC8DCD28D9CA}"
EndProject
Global
	GlobalSection(SolutionConfigurationPlatforms) = preSolution
		Debug|Any CPU = Debug|Any CPU
		Release|Any CPU = Release|Any CPU
	EndGlobalSection
	GlobalSection(ProjectConfigurationPlatforms) = postSolution
		{B4325D71-E176-4DD0-A098-EC8DCD28D9CA}.Debug|Any CPU.ActiveCfg = Debug|Any CPU
		{B4325D71-E176-4DD0-A098-EC8DCD28D9CA}.Debug|Any CPU.Build.0 = Debug|Any CPU
		{B4325D71-E176-4DD0-A098-EC8DCD28D9CA}.Release|Any CPU.ActiveCfg = Release|Any CPU
		{B4325D71-E176-4DD0-A098-EC8DCD28D9CA}.Release|Any CPU.Build.0 = Release|Any CPU
	EndGlobalSection
	GlobalSection(SolutionProperties) = preSolution
		HideSolutionNode = FALSE
	EndGlobalSection
	GlobalSection(ExtensibilityGlobals) = postSolution
		SolutionGuid = {E2D0DD6D-DF27-465D-9075-D488E1D1FC66}
	EndGlobalSection
EndGlobal
